
Microsoft Visual Studio Solution File, Format Version 12.00
# Visual Studio 14
VisualStudioVersion = 14.0.25420.1
MinimumVisualStudioVersion = 10.0.40219.1
Project("{FAE04EC0-301F-11D3-BF4B-00C04F79EFBC}") = "LoqateDemo", "LoqateDemo\LoqateDemo.csproj", "{4F556406-80A6-4069-90F1-23D952D66364}"
EndProject
Project("{FAE04EC0-301F-11D3-BF4B-00C04F79EFBC}") = "Loqate", "Loqate\Loqate.csproj", "{8EA35F24-10AD-4295-8FC5-2691F6C0927C}"
EndProject
Project("{FAE04EC0-301F-11D3-BF4B-00C04F79EFBC}") = "Loqate.Tests", "Loqate.Tests\Loqate.Tests.csproj", "{57ECE286-E2E7-4980-8CFF-FEF5F9225CB8}"
EndProject
Global
	GlobalSection(SolutionConfigurationPlatforms) = preSolution
		Debug|Any CPU = Debug|Any CPU
		Release|Any CPU = Release|Any CPU
	EndGlobalSection
	GlobalSection(ProjectConfigurationPlatforms) = postSolution
		{4F556406-80A6-4069-90F1-23D952D66364}.Debug|Any CPU.ActiveCfg = Debug|Any CPU
		{4F556406-80A6-4069-90F1-23D952D66364}.Debug|Any CPU.Build.0 = Debug|Any CPU
		{4F556406-80A6-4069-90F1-23D952D66364}.Release|Any CPU.ActiveCfg = Release|Any CPU
		{4F556406-80A6-4069-90F1-23D952D66364}.Release|Any CPU.Build.0 = Release|Any CPU
		{8EA35F24-10AD-4295-8FC5-2691F6C0927C}.Debug|Any CPU.ActiveCfg = Debug|Any CPU
		{8EA35F24-10AD-4295-8FC5-2691F6C0927C}.Debug|Any CPU.Build.0 = Debug|Any CPU
		{8EA35F24-10AD-4295-8FC5-2691F6C0927C}.Release|Any CPU.ActiveCfg = Release|Any CPU
		{8EA35F24-10AD-4295-8FC5-2691F6C0927C}.Release|Any CPU.Build.0 = Release|Any CPU
		{57ECE286-E2E7-4980-8CFF-FEF5F9225CB8}.Debug|Any CPU.ActiveCfg = Debug|Any CPU
		{57ECE286-E2E7-4980-8CFF-FEF5F9225CB8}.Debug|Any CPU.Build.0 = Debug|Any CPU
		{57ECE286-E2E7-4980-8CFF-FEF5F9225CB8}.Release|Any CPU.ActiveCfg = Release|Any CPU
		{57ECE286-E2E7-4980-8CFF-FEF5F9225CB8}.Release|Any CPU.Build.0 = Release|Any CPU
	EndGlobalSection
	GlobalSection(SolutionProperties) = preSolution
		HideSolutionNode = FALSE
	EndGlobalSection
EndGlobal
